
Microsoft Visual Studio Solution File, Format Version 12.00
# Visual Studio Version 16
VisualStudioVersion = 16.0.32228.343
MinimumVisualStudioVersion = 10.0.40219.1
Project("{FAE04EC0-301F-11D3-BF4B-00C04F79EFBC}") = "Level-Exporter", "Level-Exporter.csproj", "{3895BAB5-218B-49E2-8A2C-4A22E24BD74C}"
EndProject
Global
	GlobalSection(SolutionConfigurationPlatforms) = preSolution
		Debug|Any CPU = Debug|Any CPU
		Debug|x64 = Debug|x64
		Release|Any CPU = Release|Any CPU
		Release|x64 = Release|x64
	EndGlobalSection
	GlobalSection(ProjectConfigurationPlatforms) = postSolution
		{3895BAB5-218B-49E2-8A2C-4A22E24BD74C}.Debug|Any CPU.ActiveCfg = Debug|x64
		{3895BAB5-218B-49E2-8A2C-4A22E24BD74C}.Debug|x64.ActiveCfg = Debug|x64
		{3895BAB5-218B-49E2-8A2C-4A22E24BD74C}.Debug|x64.Build.0 = Debug|x64
		{3895BAB5-218B-49E2-8A2C-4A22E24BD74C}.Release|Any CPU.ActiveCfg = Release|x64
		{3895BAB5-218B-49E2-8A2C-4A22E24BD74C}.Release|x64.ActiveCfg = Release|x64
		{3895BAB5-218B-49E2-8A2C-4A22E24BD74C}.Release|x64.Build.0 = Release|x64
	EndGlobalSection
	GlobalSection(SolutionProperties) = preSolution
		HideSolutionNode = FALSE
	EndGlobalSection
	GlobalSection(ExtensibilityGlobals) = postSolution
		SolutionGuid = {243164BF-E65A-4C51-AED8-7B5A6208A92A}
	EndGlobalSection
EndGlobal
